
Microsoft Visual Studio Solution File, Format Version 12.00
# Visual Studio Version 16
VisualStudioVersion = 16.0.29001.49
MinimumVisualStudioVersion = 10.0.40219.1
Project("{9A19103F-16F7-4668-BE54-9A1E7A4F7556}") = "diplomaStupak", "diplomaStupak.csproj", "{94446D53-C818-47A4-B050-ECFDC8F976E2}"
EndProject
Global
	GlobalSection(SolutionConfigurationPlatforms) = preSolution
		Debug|Any CPU = Debug|Any CPU
		Release|Any CPU = Release|Any CPU
	EndGlobalSection
	GlobalSection(ProjectConfigurationPlatforms) = postSolution
		{94446D53-C818-47A4-B050-ECFDC8F976E2}.Debug|Any CPU.ActiveCfg = Debug|Any CPU
		{94446D53-C818-47A4-B050-ECFDC8F976E2}.Debug|Any CPU.Build.0 = Debug|Any CPU
		{94446D53-C818-47A4-B050-ECFDC8F976E2}.Release|Any CPU.ActiveCfg = Release|Any CPU
		{94446D53-C818-47A4-B050-ECFDC8F976E2}.Release|Any CPU.Build.0 = Release|Any CPU
	EndGlobalSection
	GlobalSection(SolutionProperties) = preSolution
		HideSolutionNode = FALSE
	EndGlobalSection
	GlobalSection(ExtensibilityGlobals) = postSolution
		SolutionGuid = {B6E596FC-4D33-4623-A24A-BF6D05A5C408}
	EndGlobalSection
EndGlobal
